
Microsoft Visual Studio Solution File, Format Version 12.00
# Visual Studio Version 17
VisualStudioVersion = 17.3.32922.545
MinimumVisualStudioVersion = 10.0.40219.1
Project("{FAE04EC0-301F-11D3-BF4B-00C04F79EFBC}") = "PerfectConsole", "PerfectConsole\PerfectConsole.csproj", "{F701E683-0DE5-459F-AC81-DC55C1BD0B6E}"
EndProject
Project("{FAE04EC0-301F-11D3-BF4B-00C04F79EFBC}") = "PerfectConsoleLibrary", "PerfectConsoleLibrary\PerfectConsoleLibrary.csproj", "{2EFB8806-7E1C-4148-94C9-7425E44011A8}"
EndProject
Global
	GlobalSection(SolutionConfigurationPlatforms) = preSolution
		Debug|Any CPU = Debug|Any CPU
		Release|Any CPU = Release|Any CPU
	EndGlobalSection
	GlobalSection(ProjectConfigurationPlatforms) = postSolution
		{F701E683-0DE5-459F-AC81-DC55C1BD0B6E}.Debug|Any CPU.ActiveCfg = Debug|Any CPU
		{F701E683-0DE5-459F-AC81-DC55C1BD0B6E}.Debug|Any CPU.Build.0 = Debug|Any CPU
		{F701E683-0DE5-459F-AC81-DC55C1BD0B6E}.Release|Any CPU.ActiveCfg = Release|Any CPU
		{F701E683-0DE5-459F-AC81-DC55C1BD0B6E}.Release|Any CPU.Build.0 = Release|Any CPU
		{2EFB8806-7E1C-4148-94C9-7425E44011A8}.Debug|Any CPU.ActiveCfg = Debug|Any CPU
		{2EFB8806-7E1C-4148-94C9-7425E44011A8}.Debug|Any CPU.Build.0 = Debug|Any CPU
		{2EFB8806-7E1C-4148-94C9-7425E44011A8}.Release|Any CPU.ActiveCfg = Release|Any CPU
		{2EFB8806-7E1C-4148-94C9-7425E44011A8}.Release|Any CPU.Build.0 = Release|Any CPU
	EndGlobalSection
	GlobalSection(SolutionProperties) = preSolution
		HideSolutionNode = FALSE
	EndGlobalSection
	GlobalSection(ExtensibilityGlobals) = postSolution
		SolutionGuid = {40E746FB-57F5-40AD-A0E2-AD9CE1DA52A5}
	EndGlobalSection
EndGlobal
